
Microsoft Visual Studio Solution File, Format Version 12.00
# Visual Studio Version 17
VisualStudioVersion = 17.11.35327.3
MinimumVisualStudioVersion = 10.0.40219.1
Project("{FAE04EC0-301F-11D3-BF4B-00C04F79EFBC}") = "SimonMondjaFirstTask", "SimonMondjaFirstTask\SimonMondjaFirstTask.csproj", "{A7131F32-0712-43C8-8440-83D38FC560AD}"
EndProject
Project("{FAE04EC0-301F-11D3-BF4B-00C04F79EFBC}") = "SimonMondjaSecondTask", "SimonMondjaSecondTask\SimonMondjaSecondTask.csproj", "{A9F63AAA-327C-40FC-8045-44C6A5B68D47}"
EndProject
Project("{FAE04EC0-301F-11D3-BF4B-00C04F79EFBC}") = "SimonMondjaBll", "SimonMondjaBll\SimonMondjaBll.csproj", "{AD68D2A4-0603-4A07-921A-0D270A9E2173}"
EndProject
Global
	GlobalSection(SolutionConfigurationPlatforms) = preSolution
		Debug|Any CPU = Debug|Any CPU
		Release|Any CPU = Release|Any CPU
	EndGlobalSection
	GlobalSection(ProjectConfigurationPlatforms) = postSolution
		{A7131F32-0712-43C8-8440-83D38FC560AD}.Debug|Any CPU.ActiveCfg = Debug|Any CPU
		{A7131F32-0712-43C8-8440-83D38FC560AD}.Debug|Any CPU.Build.0 = Debug|Any CPU
		{A7131F32-0712-43C8-8440-83D38FC560AD}.Release|Any CPU.ActiveCfg = Release|Any CPU
		{A7131F32-0712-43C8-8440-83D38FC560AD}.Release|Any CPU.Build.0 = Release|Any CPU
		{A9F63AAA-327C-40FC-8045-44C6A5B68D47}.Debug|Any CPU.ActiveCfg = Debug|Any CPU
		{A9F63AAA-327C-40FC-8045-44C6A5B68D47}.Debug|Any CPU.Build.0 = Debug|Any CPU
		{A9F63AAA-327C-40FC-8045-44C6A5B68D47}.Release|Any CPU.ActiveCfg = Release|Any CPU
		{A9F63AAA-327C-40FC-8045-44C6A5B68D47}.Release|Any CPU.Build.0 = Release|Any CPU
		{AD68D2A4-0603-4A07-921A-0D270A9E2173}.Debug|Any CPU.ActiveCfg = Debug|Any CPU
		{AD68D2A4-0603-4A07-921A-0D270A9E2173}.Debug|Any CPU.Build.0 = Debug|Any CPU
		{AD68D2A4-0603-4A07-921A-0D270A9E2173}.Release|Any CPU.ActiveCfg = Release|Any CPU
		{AD68D2A4-0603-4A07-921A-0D270A9E2173}.Release|Any CPU.Build.0 = Release|Any CPU
	EndGlobalSection
	GlobalSection(SolutionProperties) = preSolution
		HideSolutionNode = FALSE
	EndGlobalSection
	GlobalSection(ExtensibilityGlobals) = postSolution
		SolutionGuid = {0A7B00D6-4588-420F-99BC-E869EBCB30CF}
	EndGlobalSection
EndGlobal
